
Microsoft Visual Studio Solution File, Format Version 12.00
# Visual Studio 15
VisualStudioVersion = 15.0.28010.2048
MinimumVisualStudioVersion = 10.0.40219.1
Project("{FAE04EC0-301F-11D3-BF4B-00C04F79EFBC}") = "kek", "kek\kek.csproj", "{AAE1C2CB-C742-41C2-972F-E8E39137ADED}"
EndProject
Global
	GlobalSection(SolutionConfigurationPlatforms) = preSolution
		Debug|Any CPU = Debug|Any CPU
		Release|Any CPU = Release|Any CPU
	EndGlobalSection
	GlobalSection(ProjectConfigurationPlatforms) = postSolution
		{AAE1C2CB-C742-41C2-972F-E8E39137ADED}.Debug|Any CPU.ActiveCfg = Debug|Any CPU
		{AAE1C2CB-C742-41C2-972F-E8E39137ADED}.Debug|Any CPU.Build.0 = Debug|Any CPU
		{AAE1C2CB-C742-41C2-972F-E8E39137ADED}.Release|Any CPU.ActiveCfg = Release|Any CPU
		{AAE1C2CB-C742-41C2-972F-E8E39137ADED}.Release|Any CPU.Build.0 = Release|Any CPU
	EndGlobalSection
	GlobalSection(SolutionProperties) = preSolution
		HideSolutionNode = FALSE
	EndGlobalSection
	GlobalSection(ExtensibilityGlobals) = postSolution
		SolutionGuid = {AAA9A8EE-55F4-4ACA-AB65-5B2842763A66}
	EndGlobalSection
EndGlobal
